<?xml version="1.0" encoding="utf-8"?>
<Project ToolsVersion="4.0" xmlns="http://schemas.microsoft.com/developer/msbuild/2003">
  <ItemGroup>
    <Filter Include="Header Files">
      <UniqueIdentifier>{b155ab49-87de-4d61-b6d5-7de48c46ca37}</UniqueIdentifier>
    </Filter>
    <Filter Include="Source Files">
      <UniqueIdentifier>{dc2ff374-1765-42c6-b1e4-1f706298b3eb}</UniqueIdentifier>
    </Filter>
  </ItemGroup>
  <ItemGroup>
    <ClCompile Include="Module.cpp">
      <Filter>Source Files</Filter>
    </ClCompile>
    <ClCompile Include="DIALServer.cpp">
      <Filter>Source Files</Filter>
    </ClCompile>
    <ClCompile Include="Netflix.cpp">
      <Filter>Source Files</Filter>
    </ClCompile>
    <ClCompile Include="YouTube.cpp">
      <Filter>Source Files</Filter>
    </ClCompile>
    <ClCompile Include="DIALServerJsonRpc.cpp">
      <Filter>Source Files</Filter>
    </ClCompile>
  </ItemGroup>
  <ItemGroup>
    <ClInclude Include="Module.h">
      <Filter>Header Files</Filter>
    </ClInclude>
    <ClInclude Include="DIALServer.h">
      <Filter>Header Files</Filter>
    </ClInclude>
  </ItemGroup>
</Project>